
Microsoft Visual Studio Solution File, Format Version 12.00
# Visual Studio Version 17
VisualStudioVersion = 17.6.33829.357
MinimumVisualStudioVersion = 10.0.40219.1
Project("{2150E333-8FDC-42A3-9474-1A3956D46DE8}") = "Entrerprise Business Rules", "Entrerprise Business Rules", "{67FB6692-0B12-41AF-BAA3-31E6EB4496E2}"
EndProject
Project("{2150E333-8FDC-42A3-9474-1A3956D46DE8}") = "Application Business Rules", "Application Business Rules", "{C9C0E5C3-F9CA-45BA-9AF7-CC226B3184B7}"
EndProject
Project("{2150E333-8FDC-42A3-9474-1A3956D46DE8}") = "Interface Adapters", "Interface Adapters", "{701FDDB3-A1D0-4046-A1BF-2EBDA50C56FA}"
EndProject
Project("{2150E333-8FDC-42A3-9474-1A3956D46DE8}") = "Framework And Drivers", "Framework And Drivers", "{EF9AB5C3-DDA7-456A-A37B-A097C19791AC}"
EndProject
Project("{9A19103F-16F7-4668-BE54-9A1E7A4F7556}") = "ExcelTest.Entities", "ExcelTest.Entities\ExcelTest.Entities.csproj", "{300E4323-2593-4475-B502-817C9208E053}"
EndProject
Project("{9A19103F-16F7-4668-BE54-9A1E7A4F7556}") = "ExcelTest.Core", "ExcelTest.Core\ExcelTest.Core.csproj", "{5D8C7B81-98C1-4C91-9405-FED2C7A16ABA}"
EndProject
Project("{9A19103F-16F7-4668-BE54-9A1E7A4F7556}") = "ExcelTest.Dtos", "ExcelTest.Dtos\ExcelTest.Dtos.csproj", "{C2FACE97-6D34-478C-BE23-CA42F67F83BE}"
EndProject
Project("{9A19103F-16F7-4668-BE54-9A1E7A4F7556}") = "ExcelTest.UseCasesPorts", "ExcelTest.UseCasesPorts\ExcelTest.UseCasesPorts.csproj", "{2C6CA0C0-515F-4A78-85CD-1C0349F20402}"
EndProject
Project("{9A19103F-16F7-4668-BE54-9A1E7A4F7556}") = "ExcelTest.UseCases", "ExcelTest.UseCases\ExcelTest.UseCases.csproj", "{DE0BF63B-48C3-4FC7-96B4-C50E469FAF95}"
EndProject
Project("{9A19103F-16F7-4668-BE54-9A1E7A4F7556}") = "ExcelTest.Common", "ExcelTest.Common\ExcelTest.Common.csproj", "{1ECD809C-242C-4D7E-903A-D18220972F34}"
EndProject
Project("{9A19103F-16F7-4668-BE54-9A1E7A4F7556}") = "ExcelTest.EFC.DataContexts", "ExcelTest.EFC.DataContexts\ExcelTest.EFC.DataContexts.csproj", "{6B66ED40-2BFD-4D1C-921C-473ED12D2BE4}"
EndProject
Project("{9A19103F-16F7-4668-BE54-9A1E7A4F7556}") = "ExcelTest.EFC.Repositories", "ExcelTest.EFC.Repositories\ExcelTest.EFC.Repositories.csproj", "{0531C7A3-37CF-4211-9EB3-57C0C41D392B}"
EndProject
Project("{9A19103F-16F7-4668-BE54-9A1E7A4F7556}") = "ExcelTest.EFC.IoC", "ExcelTest.EFC.IoC\ExcelTest.EFC.IoC.csproj", "{070F78CA-91DE-4AD0-862F-8228D285B743}"
EndProject
Project("{9A19103F-16F7-4668-BE54-9A1E7A4F7556}") = "ExcelTest.ViewModels", "ExcelTest.ViewModels\ExcelTest.ViewModels.csproj", "{D26B91E2-C354-4033-BB8C-FEE628BA2560}"
EndProject
Project("{9A19103F-16F7-4668-BE54-9A1E7A4F7556}") = "ExcelTest.Presenters", "ExcelTest.Presenters\ExcelTest.Presenters.csproj", "{B38EA0C3-FD54-4ECD-BF18-BA5C82121AD8}"
EndProject
Project("{9A19103F-16F7-4668-BE54-9A1E7A4F7556}") = "ExcelTest.Controllers", "ExcelTest.Controllers\ExcelTest.Controllers.csproj", "{C5B4AC36-DC80-4659-9755-044C32F81BA3}"
EndProject
Project("{9A19103F-16F7-4668-BE54-9A1E7A4F7556}") = "ExcelTest.IoC", "ExcelTest.IoC\ExcelTest.IoC.csproj", "{71EA41AB-3AE2-47D9-8CA5-D6F8B6BE41A2}"
EndProject
Project("{9A19103F-16F7-4668-BE54-9A1E7A4F7556}") = "CommonLibraryProjects", "CommonLibraryProjects\CommonLibraryProjects.csproj", "{5BE2C2E7-8019-43A5-B09D-CEF30B400022}"
EndProject
Project("{FAE04EC0-301F-11D3-BF4B-00C04F79EFBC}") = "ExcelTest.API", "ExcelTest.API\ExcelTest.API.csproj", "{317C7B73-00EB-4F68-A972-4A4410D9D2B0}"
EndProject
Global
	GlobalSection(SolutionConfigurationPlatforms) = preSolution
		Debug|Any CPU = Debug|Any CPU
		Release|Any CPU = Release|Any CPU
	EndGlobalSection
	GlobalSection(ProjectConfigurationPlatforms) = postSolution
		{300E4323-2593-4475-B502-817C9208E053}.Debug|Any CPU.ActiveCfg = Debug|Any CPU
		{300E4323-2593-4475-B502-817C9208E053}.Debug|Any CPU.Build.0 = Debug|Any CPU
		{300E4323-2593-4475-B502-817C9208E053}.Release|Any CPU.ActiveCfg = Release|Any CPU
		{300E4323-2593-4475-B502-817C9208E053}.Release|Any CPU.Build.0 = Release|Any CPU
		{5D8C7B81-98C1-4C91-9405-FED2C7A16ABA}.Debug|Any CPU.ActiveCfg = Debug|Any CPU
		{5D8C7B81-98C1-4C91-9405-FED2C7A16ABA}.Debug|Any CPU.Build.0 = Debug|Any CPU
		{5D8C7B81-98C1-4C91-9405-FED2C7A16ABA}.Release|Any CPU.ActiveCfg = Release|Any CPU
		{5D8C7B81-98C1-4C91-9405-FED2C7A16ABA}.Release|Any CPU.Build.0 = Release|Any CPU
		{C2FACE97-6D34-478C-BE23-CA42F67F83BE}.Debug|Any CPU.ActiveCfg = Debug|Any CPU
		{C2FACE97-6D34-478C-BE23-CA42F67F83BE}.Debug|Any CPU.Build.0 = Debug|Any CPU
		{C2FACE97-6D34-478C-BE23-CA42F67F83BE}.Release|Any CPU.ActiveCfg = Release|Any CPU
		{C2FACE97-6D34-478C-BE23-CA42F67F83BE}.Release|Any CPU.Build.0 = Release|Any CPU
		{2C6CA0C0-515F-4A78-85CD-1C0349F20402}.Debug|Any CPU.ActiveCfg = Debug|Any CPU
		{2C6CA0C0-515F-4A78-85CD-1C0349F20402}.Debug|Any CPU.Build.0 = Debug|Any CPU
		{2C6CA0C0-515F-4A78-85CD-1C0349F20402}.Release|Any CPU.ActiveCfg = Release|Any CPU
		{2C6CA0C0-515F-4A78-85CD-1C0349F20402}.Release|Any CPU.Build.0 = Release|Any CPU
		{DE0BF63B-48C3-4FC7-96B4-C50E469FAF95}.Debug|Any CPU.ActiveCfg = Debug|Any CPU
		{DE0BF63B-48C3-4FC7-96B4-C50E469FAF95}.Debug|Any CPU.Build.0 = Debug|Any CPU
		{DE0BF63B-48C3-4FC7-96B4-C50E469FAF95}.Release|Any CPU.ActiveCfg = Release|Any CPU
		{DE0BF63B-48C3-4FC7-96B4-C50E469FAF95}.Release|Any CPU.Build.0 = Release|Any CPU
		{1ECD809C-242C-4D7E-903A-D18220972F34}.Debug|Any CPU.ActiveCfg = Debug|Any CPU
		{1ECD809C-242C-4D7E-903A-D18220972F34}.Debug|Any CPU.Build.0 = Debug|Any CPU
		{1ECD809C-242C-4D7E-903A-D18220972F34}.Release|Any CPU.ActiveCfg = Release|Any CPU
		{1ECD809C-242C-4D7E-903A-D18220972F34}.Release|Any CPU.Build.0 = Release|Any CPU
		{6B66ED40-2BFD-4D1C-921C-473ED12D2BE4}.Debug|Any CPU.ActiveCfg = Debug|Any CPU
		{6B66ED40-2BFD-4D1C-921C-473ED12D2BE4}.Debug|Any CPU.Build.0 = Debug|Any CPU
		{6B66ED40-2BFD-4D1C-921C-473ED12D2BE4}.Release|Any CPU.ActiveCfg = Release|Any CPU
		{6B66ED40-2BFD-4D1C-921C-473ED12D2BE4}.Release|Any CPU.Build.0 = Release|Any CPU
		{0531C7A3-37CF-4211-9EB3-57C0C41D392B}.Debug|Any CPU.ActiveCfg = Debug|Any CPU
		{0531C7A3-37CF-4211-9EB3-57C0C41D392B}.Debug|Any CPU.Build.0 = Debug|Any CPU
		{0531C7A3-37CF-4211-9EB3-57C0C41D392B}.Release|Any CPU.ActiveCfg = Release|Any CPU
		{0531C7A3-37CF-4211-9EB3-57C0C41D392B}.Release|Any CPU.Build.0 = Release|Any CPU
		{070F78CA-91DE-4AD0-862F-8228D285B743}.Debug|Any CPU.ActiveCfg = Debug|Any CPU
		{070F78CA-91DE-4AD0-862F-8228D285B743}.Debug|Any CPU.Build.0 = Debug|Any CPU
		{070F78CA-91DE-4AD0-862F-8228D285B743}.Release|Any CPU.ActiveCfg = Release|Any CPU
		{070F78CA-91DE-4AD0-862F-8228D285B743}.Release|Any CPU.Build.0 = Release|Any CPU
		{D26B91E2-C354-4033-BB8C-FEE628BA2560}.Debug|Any CPU.ActiveCfg = Debug|Any CPU
		{D26B91E2-C354-4033-BB8C-FEE628BA2560}.Debug|Any CPU.Build.0 = Debug|Any CPU
		{D26B91E2-C354-4033-BB8C-FEE628BA2560}.Release|Any CPU.ActiveCfg = Release|Any CPU
		{D26B91E2-C354-4033-BB8C-FEE628BA2560}.Release|Any CPU.Build.0 = Release|Any CPU
		{B38EA0C3-FD54-4ECD-BF18-BA5C82121AD8}.Debug|Any CPU.ActiveCfg = Debug|Any CPU
		{B38EA0C3-FD54-4ECD-BF18-BA5C82121AD8}.Debug|Any CPU.Build.0 = Debug|Any CPU
		{B38EA0C3-FD54-4ECD-BF18-BA5C82121AD8}.Release|Any CPU.ActiveCfg = Release|Any CPU
		{B38EA0C3-FD54-4ECD-BF18-BA5C82121AD8}.Release|Any CPU.Build.0 = Release|Any CPU
		{C5B4AC36-DC80-4659-9755-044C32F81BA3}.Debug|Any CPU.ActiveCfg = Debug|Any CPU
		{C5B4AC36-DC80-4659-9755-044C32F81BA3}.Debug|Any CPU.Build.0 = Debug|Any CPU
		{C5B4AC36-DC80-4659-9755-044C32F81BA3}.Release|Any CPU.ActiveCfg = Release|Any CPU
		{C5B4AC36-DC80-4659-9755-044C32F81BA3}.Release|Any CPU.Build.0 = Release|Any CPU
		{71EA41AB-3AE2-47D9-8CA5-D6F8B6BE41A2}.Debug|Any CPU.ActiveCfg = Debug|Any CPU
		{71EA41AB-3AE2-47D9-8CA5-D6F8B6BE41A2}.Debug|Any CPU.Build.0 = Debug|Any CPU
		{71EA41AB-3AE2-47D9-8CA5-D6F8B6BE41A2}.Release|Any CPU.ActiveCfg = Release|Any CPU
		{71EA41AB-3AE2-47D9-8CA5-D6F8B6BE41A2}.Release|Any CPU.Build.0 = Release|Any CPU
		{5BE2C2E7-8019-43A5-B09D-CEF30B400022}.Debug|Any CPU.ActiveCfg = Debug|Any CPU
		{5BE2C2E7-8019-43A5-B09D-CEF30B400022}.Debug|Any CPU.Build.0 = Debug|Any CPU
		{5BE2C2E7-8019-43A5-B09D-CEF30B400022}.Release|Any CPU.ActiveCfg = Release|Any CPU
		{5BE2C2E7-8019-43A5-B09D-CEF30B400022}.Release|Any CPU.Build.0 = Release|Any CPU
		{317C7B73-00EB-4F68-A972-4A4410D9D2B0}.Debug|Any CPU.ActiveCfg = Debug|Any CPU
		{317C7B73-00EB-4F68-A972-4A4410D9D2B0}.Debug|Any CPU.Build.0 = Debug|Any CPU
		{317C7B73-00EB-4F68-A972-4A4410D9D2B0}.Release|Any CPU.ActiveCfg = Release|Any CPU
		{317C7B73-00EB-4F68-A972-4A4410D9D2B0}.Release|Any CPU.Build.0 = Release|Any CPU
	EndGlobalSection
	GlobalSection(SolutionProperties) = preSolution
		HideSolutionNode = FALSE
	EndGlobalSection
	GlobalSection(NestedProjects) = preSolution
		{300E4323-2593-4475-B502-817C9208E053} = {67FB6692-0B12-41AF-BAA3-31E6EB4496E2}
		{5D8C7B81-98C1-4C91-9405-FED2C7A16ABA} = {C9C0E5C3-F9CA-45BA-9AF7-CC226B3184B7}
		{C2FACE97-6D34-478C-BE23-CA42F67F83BE} = {C9C0E5C3-F9CA-45BA-9AF7-CC226B3184B7}
		{2C6CA0C0-515F-4A78-85CD-1C0349F20402} = {C9C0E5C3-F9CA-45BA-9AF7-CC226B3184B7}
		{DE0BF63B-48C3-4FC7-96B4-C50E469FAF95} = {C9C0E5C3-F9CA-45BA-9AF7-CC226B3184B7}
		{1ECD809C-242C-4D7E-903A-D18220972F34} = {C9C0E5C3-F9CA-45BA-9AF7-CC226B3184B7}
		{6B66ED40-2BFD-4D1C-921C-473ED12D2BE4} = {701FDDB3-A1D0-4046-A1BF-2EBDA50C56FA}
		{0531C7A3-37CF-4211-9EB3-57C0C41D392B} = {701FDDB3-A1D0-4046-A1BF-2EBDA50C56FA}
		{070F78CA-91DE-4AD0-862F-8228D285B743} = {701FDDB3-A1D0-4046-A1BF-2EBDA50C56FA}
		{D26B91E2-C354-4033-BB8C-FEE628BA2560} = {701FDDB3-A1D0-4046-A1BF-2EBDA50C56FA}
		{B38EA0C3-FD54-4ECD-BF18-BA5C82121AD8} = {701FDDB3-A1D0-4046-A1BF-2EBDA50C56FA}
		{C5B4AC36-DC80-4659-9755-044C32F81BA3} = {701FDDB3-A1D0-4046-A1BF-2EBDA50C56FA}
		{71EA41AB-3AE2-47D9-8CA5-D6F8B6BE41A2} = {EF9AB5C3-DDA7-456A-A37B-A097C19791AC}
		{317C7B73-00EB-4F68-A972-4A4410D9D2B0} = {EF9AB5C3-DDA7-456A-A37B-A097C19791AC}
	EndGlobalSection
	GlobalSection(ExtensibilityGlobals) = postSolution
		SolutionGuid = {562924DC-BA5E-432D-81AD-61A5CBF115A3}
	EndGlobalSection
EndGlobal
